
Microsoft Visual Studio Solution File, Format Version 12.00
# Visual Studio 15
VisualStudioVersion = 15.0.27520.0
MinimumVisualStudioVersion = 10.0.40219.1
Project("{9A19103F-16F7-4668-BE54-9A1E7A4F7556}") = "Modulus11", "Modulus11\Modulus11.csproj", "{7D62448A-A8CF-465E-A963-E8D221559AE4}"
EndProject
Global
	GlobalSection(SolutionConfigurationPlatforms) = preSolution
		Debug|Any CPU = Debug|Any CPU
		Release|Any CPU = Release|Any CPU
	EndGlobalSection
	GlobalSection(ProjectConfigurationPlatforms) = postSolution
		{7D62448A-A8CF-465E-A963-E8D221559AE4}.Debug|Any CPU.ActiveCfg = Debug|Any CPU
		{7D62448A-A8CF-465E-A963-E8D221559AE4}.Debug|Any CPU.Build.0 = Debug|Any CPU
		{7D62448A-A8CF-465E-A963-E8D221559AE4}.Release|Any CPU.ActiveCfg = Release|Any CPU
		{7D62448A-A8CF-465E-A963-E8D221559AE4}.Release|Any CPU.Build.0 = Release|Any CPU
	EndGlobalSection
	GlobalSection(SolutionProperties) = preSolution
		HideSolutionNode = FALSE
	EndGlobalSection
	GlobalSection(ExtensibilityGlobals) = postSolution
		SolutionGuid = {4F459C45-6B25-4836-BFB1-27B6E4B47B68}
	EndGlobalSection
EndGlobal
